// !$*UTF8*$!
{
	archiveVersion = 1;
	classes = {
	};
	objectVersion = 56;
	objects = {

/* Begin PBXBuildFile section */
		526D87F929D5AF8F00E0F8E7 /* stateandbindingApp.swift in Sources */ = {isa = PBXBuildFile; fileRef = 526D87F829D5AF8F00E0F8E7 /* stateandbindingApp.swift */; };
		526D87FB29D5AF8F00E0F8E7 /* ContentView.swift in Sources */ = {isa = PBXBuildFile; fileRef = 526D87FA29D5AF8F00E0F8E7 /* ContentView.swift */; };
		526D87FD29D5AF9100E0F8E7 /* Assets.xcassets in Resources */ = {isa = PBXBuildFile; fileRef = 526D87FC29D5AF9100E0F8E7 /* Assets.xcassets */; };
		526D880029D5AF9100E0F8E7 /* Preview Assets.xcassets in Resources */ = {isa = PBXBuildFile; fileRef = 526D87FF29D5AF9100E0F8E7 /* Preview Assets.xcassets */; };
		526D880A29D5AF9200E0F8E7 /* stateandbindingTests.swift in Sources */ = {isa = PBXBuildFile; fileRef = 526D880929D5AF9200E0F8E7 /* stateandbindingTests.swift */; };
		526D881429D5AF9200E0F8E7 /* stateandbindingUITests.swift in Sources */ = {isa = PBXBuildFile; fileRef = 526D881329D5AF9200E0F8E7 /* stateandbindingUITests.swift */; };
		526D881629D5AF9200E0F8E7 /* stateandbindingUITestsLaunchTests.swift in Sources */ = {isa = PBXBuildFile; fileRef = 526D881529D5AF9200E0F8E7 /* stateandbindingUITestsLaunchTests.swift */; };
		52847BA629DD8163000867E7 /* CustomScene.swift in Sources */ = {isa = PBXBuildFile; fileRef = 52847BA529DD8163000867E7 /* CustomScene.swift */; };
		52847BA829DD82AC000867E7 /* SettingView.swift in Sources */ = {isa = PBXBuildFile; fileRef = 52847BA729DD82AC000867E7 /* SettingView.swift */; };
		529DF46C29F0216100432881 /* Person.swift in Sources */ = {isa = PBXBuildFile; fileRef = 529DF46B29F0216100432881 /* Person.swift */; };
		529DF46E29F0226600432881 /* BasicListView.swift in Sources */ = {isa = PBXBuildFile; fileRef = 529DF46D29F0226600432881 /* BasicListView.swift */; };
		529DF47029F025A100432881 /* PersonRowView.swift in Sources */ = {isa = PBXBuildFile; fileRef = 529DF46F29F025A100432881 /* PersonRowView.swift */; };
		529DF47229F02AA700432881 /* NestedListView.swift in Sources */ = {isa = PBXBuildFile; fileRef = 529DF47129F02AA700432881 /* NestedListView.swift */; };
		529DF47429F06C2300432881 /* Message.swift in Sources */ = {isa = PBXBuildFile; fileRef = 529DF47329F06C2300432881 /* Message.swift */; };
		529DF47629F06DCD00432881 /* ListSwipeView.swift in Sources */ = {isa = PBXBuildFile; fileRef = 529DF47529F06DCD00432881 /* ListSwipeView.swift */; };
		529DF47829F06E9100432881 /* MessageCell.swift in Sources */ = {isa = PBXBuildFile; fileRef = 529DF47729F06E9100432881 /* MessageCell.swift */; };
/* End PBXBuildFile section */

/* Begin PBXContainerItemProxy section */
		526D880629D5AF9200E0F8E7 /* PBXContainerItemProxy */ = {
			isa = PBXContainerItemProxy;
			containerPortal = 526D87ED29D5AF8F00E0F8E7 /* Project object */;
			proxyType = 1;
			remoteGlobalIDString = 526D87F429D5AF8F00E0F8E7;
			remoteInfo = stateandbinding;
		};
		526D881029D5AF9200E0F8E7 /* PBXContainerItemProxy */ = {
			isa = PBXContainerItemProxy;
			containerPortal = 526D87ED29D5AF8F00E0F8E7 /* Project object */;
			proxyType = 1;
			remoteGlobalIDString = 526D87F429D5AF8F00E0F8E7;
			remoteInfo = stateandbinding;
		};
/* End PBXContainerItemProxy section */

/* Begin PBXFileReference section */
		526D87F529D5AF8F00E0F8E7 /* stateandbinding.app */ = {isa = PBXFileReference; explicitFileType = wrapper.application; includeInIndex = 0; path = stateandbinding.app; sourceTree = BUILT_PRODUCTS_DIR; };
		526D87F829D5AF8F00E0F8E7 /* stateandbindingApp.swift */ = {isa = PBXFileReference; lastKnownFileType = sourcecode.swift; path = stateandbindingApp.swift; sourceTree = "<group>"; };
		526D87FA29D5AF8F00E0F8E7 /* ContentView.swift */ = {isa = PBXFileReference; lastKnownFileType = sourcecode.swift; path = ContentView.swift; sourceTree = "<group>"; };
		526D87FC29D5AF9100E0F8E7 /* Assets.xcassets */ = {isa = PBXFileReference; lastKnownFileType = folder.assetcatalog; path = Assets.xcassets; sourceTree = "<group>"; };
		526D87FF29D5AF9100E0F8E7 /* Preview Assets.xcassets */ = {isa = PBXFileReference; lastKnownFileType = folder.assetcatalog; path = "Preview Assets.xcassets"; sourceTree = "<group>"; };
		526D880529D5AF9200E0F8E7 /* stateandbindingTests.xctest */ = {isa = PBXFileReference; explicitFileType = wrapper.cfbundle; includeInIndex = 0; path = stateandbindingTests.xctest; sourceTree = BUILT_PRODUCTS_DIR; };
		526D880929D5AF9200E0F8E7 /* stateandbindingTests.swift */ = {isa = PBXFileReference; lastKnownFileType = sourcecode.swift; path = stateandbindingTests.swift; sourceTree = "<group>"; };
		526D880F29D5AF9200E0F8E7 /* stateandbindingUITests.xctest */ = {isa = PBXFileReference; explicitFileType = wrapper.cfbundle; includeInIndex = 0; path = stateandbindingUITests.xctest; sourceTree = BUILT_PRODUCTS_DIR; };
		526D881329D5AF9200E0F8E7 /* stateandbindingUITests.swift */ = {isa = PBXFileReference; lastKnownFileType = sourcecode.swift; path = stateandbindingUITests.swift; sourceTree = "<group>"; };
		526D881529D5AF9200E0F8E7 /* stateandbindingUITestsLaunchTests.swift */ = {isa = PBXFileReference; lastKnownFileType = sourcecode.swift; path = stateandbindingUITestsLaunchTests.swift; sourceTree = "<group>"; };
		52847BA529DD8163000867E7 /* CustomScene.swift */ = {isa = PBXFileReference; lastKnownFileType = sourcecode.swift; path = CustomScene.swift; sourceTree = "<group>"; };
		52847BA729DD82AC000867E7 /* SettingView.swift */ = {isa = PBXFileReference; lastKnownFileType = sourcecode.swift; path = SettingView.swift; sourceTree = "<group>"; };
		529DF46B29F0216100432881 /* Person.swift */ = {isa = PBXFileReference; lastKnownFileType = sourcecode.swift; path = Person.swift; sourceTree = "<group>"; };
		529DF46D29F0226600432881 /* BasicListView.swift */ = {isa = PBXFileReference; lastKnownFileType = sourcecode.swift; path = BasicListView.swift; sourceTree = "<group>"; };
		529DF46F29F025A100432881 /* PersonRowView.swift */ = {isa = PBXFileReference; lastKnownFileType = sourcecode.swift; path = PersonRowView.swift; sourceTree = "<group>"; };
		529DF47129F02AA700432881 /* NestedListView.swift */ = {isa = PBXFileReference; lastKnownFileType = sourcecode.swift; path = NestedListView.swift; sourceTree = "<group>"; };
		529DF47329F06C2300432881 /* Message.swift */ = {isa = PBXFileReference; lastKnownFileType = sourcecode.swift; path = Message.swift; sourceTree = "<group>"; };
		529DF47529F06DCD00432881 /* ListSwipeView.swift */ = {isa = PBXFileReference; lastKnownFileType = sourcecode.swift; path = ListSwipeView.swift; sourceTree = "<group>"; };
		529DF47729F06E9100432881 /* MessageCell.swift */ = {isa = PBXFileReference; lastKnownFileType = sourcecode.swift; path = MessageCell.swift; sourceTree = "<group>"; };
/* End PBXFileReference section */

/* Begin PBXFrameworksBuildPhase section */
		526D87F229D5AF8F00E0F8E7 /* Frameworks */ = {
			isa = PBXFrameworksBuildPhase;
			buildActionMask = 2147483647;
			files = (
			);
			runOnlyForDeploymentPostprocessing = 0;
		};
		526D880229D5AF9200E0F8E7 /* Frameworks */ = {
			isa = PBXFrameworksBuildPhase;
			buildActionMask = 2147483647;
			files = (
			);
			runOnlyForDeploymentPostprocessing = 0;
		};
		526D880C29D5AF9200E0F8E7 /* Frameworks */ = {
			isa = PBXFrameworksBuildPhase;
			buildActionMask = 2147483647;
			files = (
			);
			runOnlyForDeploymentPostprocessing = 0;
		};
/* End PBXFrameworksBuildPhase section */

/* Begin PBXGroup section */
		526D87EC29D5AF8F00E0F8E7 = {
			isa = PBXGroup;
			children = (
				526D87F729D5AF8F00E0F8E7 /* stateandbinding */,
				526D880829D5AF9200E0F8E7 /* stateandbindingTests */,
				526D881229D5AF9200E0F8E7 /* stateandbindingUITests */,
				526D87F629D5AF8F00E0F8E7 /* Products */,
			);
			sourceTree = "<group>";
		};
		526D87F629D5AF8F00E0F8E7 /* Products */ = {
			isa = PBXGroup;
			children = (
				526D87F529D5AF8F00E0F8E7 /* stateandbinding.app */,
				526D880529D5AF9200E0F8E7 /* stateandbindingTests.xctest */,
				526D880F29D5AF9200E0F8E7 /* stateandbindingUITests.xctest */,
			);
			name = Products;
			sourceTree = "<group>";
		};
		526D87F729D5AF8F00E0F8E7 /* stateandbinding */ = {
			isa = PBXGroup;
			children = (
				529DF46A29F0212000432881 /* Models */,
				529DF46929F0211400432881 /* Views */,
				52847BA029DD7FCB000867E7 /* scenes */,
				526D87F829D5AF8F00E0F8E7 /* stateandbindingApp.swift */,
				526D87FA29D5AF8F00E0F8E7 /* ContentView.swift */,
				526D87FC29D5AF9100E0F8E7 /* Assets.xcassets */,
				526D87FE29D5AF9100E0F8E7 /* Preview Content */,
				52847BA729DD82AC000867E7 /* SettingView.swift */,
			);
			path = stateandbinding;
			sourceTree = "<group>";
		};
		526D87FE29D5AF9100E0F8E7 /* Preview Content */ = {
			isa = PBXGroup;
			children = (
				526D87FF29D5AF9100E0F8E7 /* Preview Assets.xcassets */,
			);
			path = "Preview Content";
			sourceTree = "<group>";
		};
		526D880829D5AF9200E0F8E7 /* stateandbindingTests */ = {
			isa = PBXGroup;
			children = (
				526D880929D5AF9200E0F8E7 /* stateandbindingTests.swift */,
			);
			path = stateandbindingTests;
			sourceTree = "<group>";
		};
		526D881229D5AF9200E0F8E7 /* stateandbindingUITests */ = {
			isa = PBXGroup;
			children = (
				526D881329D5AF9200E0F8E7 /* stateandbindingUITests.swift */,
				526D881529D5AF9200E0F8E7 /* stateandbindingUITestsLaunchTests.swift */,
			);
			path = stateandbindingUITests;
			sourceTree = "<group>";
		};
		52847BA029DD7FCB000867E7 /* scenes */ = {
			isa = PBXGroup;
			children = (
				52847BA529DD8163000867E7 /* CustomScene.swift */,
			);
			path = scenes;
			sourceTree = "<group>";
		};
		529DF46929F0211400432881 /* Views */ = {
			isa = PBXGroup;
			children = (
				529DF46D29F0226600432881 /* BasicListView.swift */,
				529DF47529F06DCD00432881 /* ListSwipeView.swift */,
				529DF47729F06E9100432881 /* MessageCell.swift */,
				529DF46F29F025A100432881 /* PersonRowView.swift */,
				529DF47129F02AA700432881 /* NestedListView.swift */,
			);
			path = Views;
			sourceTree = "<group>";
		};
		529DF46A29F0212000432881 /* Models */ = {
			isa = PBXGroup;
			children = (
				529DF46B29F0216100432881 /* Person.swift */,
				529DF47329F06C2300432881 /* Message.swift */,
			);
			path = Models;
			sourceTree = "<group>";
		};
/* End PBXGroup section */

/* Begin PBXNativeTarget section */
		526D87F429D5AF8F00E0F8E7 /* stateandbinding */ = {
			isa = PBXNativeTarget;
			buildConfigurationList = 526D881929D5AF9200E0F8E7 /* Build configuration list for PBXNativeTarget "stateandbinding" */;
			buildPhases = (
				526D87F129D5AF8F00E0F8E7 /* Sources */,
				526D87F229D5AF8F00E0F8E7 /* Frameworks */,
				526D87F329D5AF8F00E0F8E7 /* Resources */,
			);
			buildRules = (
			);
			dependencies = (
			);
			name = stateandbinding;
			productName = stateandbinding;
			productReference = 526D87F529D5AF8F00E0F8E7 /* stateandbinding.app */;
			productType = "com.apple.product-type.application";
		};
		526D880429D5AF9200E0F8E7 /* stateandbindingTests */ = {
			isa = PBXNativeTarget;
			buildConfigurationList = 526D881C29D5AF9200E0F8E7 /* Build configuration list for PBXNativeTarget "stateandbindingTests" */;
			buildPhases = (
				526D880129D5AF9200E0F8E7 /* Sources */,
				526D880229D5AF9200E0F8E7 /* Frameworks */,
				526D880329D5AF9200E0F8E7 /* Resources */,
			);
			buildRules = (
			);
			dependencies = (
				526D880729D5AF9200E0F8E7 /* PBXTargetDependency */,
			);
			name = stateandbindingTests;
			productName = stateandbindingTests;
			productReference = 526D880529D5AF9200E0F8E7 /* stateandbindingTests.xctest */;
			productType = "com.apple.product-type.bundle.unit-test";
		};
		526D880E29D5AF9200E0F8E7 /* stateandbindingUITests */ = {
			isa = PBXNativeTarget;
			buildConfigurationList = 526D881F29D5AF9200E0F8E7 /* Build configuration list for PBXNativeTarget "stateandbindingUITests" */;
			buildPhases = (
				526D880B29D5AF9200E0F8E7 /* Sources */,
				526D880C29D5AF9200E0F8E7 /* Frameworks */,
				526D880D29D5AF9200E0F8E7 /* Resources */,
			);
			buildRules = (
			);
			dependencies = (
				526D881129D5AF9200E0F8E7 /* PBXTargetDependency */,
			);
			name = stateandbindingUITests;
			productName = stateandbindingUITests;
			productReference = 526D880F29D5AF9200E0F8E7 /* stateandbindingUITests.xctest */;
			productType = "com.apple.product-type.bundle.ui-testing";
		};
/* End PBXNativeTarget section */

/* Begin PBXProject section */
		526D87ED29D5AF8F00E0F8E7 /* Project object */ = {
			isa = PBXProject;
			attributes = {
				BuildIndependentTargetsInParallel = 1;
				LastSwiftUpdateCheck = 1410;
				LastUpgradeCheck = 1410;
				TargetAttributes = {
					526D87F429D5AF8F00E0F8E7 = {
						CreatedOnToolsVersion = 14.1;
					};
					526D880429D5AF9200E0F8E7 = {
						CreatedOnToolsVersion = 14.1;
						TestTargetID = 526D87F429D5AF8F00E0F8E7;
					};
					526D880E29D5AF9200E0F8E7 = {
						CreatedOnToolsVersion = 14.1;
						TestTargetID = 526D87F429D5AF8F00E0F8E7;
					};
				};
			};
			buildConfigurationList = 526D87F029D5AF8F00E0F8E7 /* Build configuration list for PBXProject "stateandbinding" */;
			compatibilityVersion = "Xcode 14.0";
			developmentRegion = en;
			hasScannedForEncodings = 0;
			knownRegions = (
				en,
				Base,
			);
			mainGroup = 526D87EC29D5AF8F00E0F8E7;
			productRefGroup = 526D87F629D5AF8F00E0F8E7 /* Products */;
			projectDirPath = "";
			projectRoot = "";
			targets = (
				526D87F429D5AF8F00E0F8E7 /* stateandbinding */,
				526D880429D5AF9200E0F8E7 /* stateandbindingTests */,
				526D880E29D5AF9200E0F8E7 /* stateandbindingUITests */,
			);
		};
/* End PBXProject section */

/* Begin PBXResourcesBuildPhase section */
		526D87F329D5AF8F00E0F8E7 /* Resources */ = {
			isa = PBXResourcesBuildPhase;
			buildActionMask = 2147483647;
			files = (
				526D880029D5AF9100E0F8E7 /* Preview Assets.xcassets in Resources */,
				526D87FD29D5AF9100E0F8E7 /* Assets.xcassets in Resources */,
			);
			runOnlyForDeploymentPostprocessing = 0;
		};
		526D880329D5AF9200E0F8E7 /* Resources */ = {
			isa = PBXResourcesBuildPhase;
			buildActionMask = 2147483647;
			files = (
			);
			runOnlyForDeploymentPostprocessing = 0;
		};
		526D880D29D5AF9200E0F8E7 /* Resources */ = {
			isa = PBXResourcesBuildPhase;
			buildActionMask = 2147483647;
			files = (
			);
			runOnlyForDeploymentPostprocessing = 0;
		};
/* End PBXResourcesBuildPhase section */

/* Begin PBXSourcesBuildPhase section */
		526D87F129D5AF8F00E0F8E7 /* Sources */ = {
			isa = PBXSourcesBuildPhase;
			buildActionMask = 2147483647;
			files = (
				529DF47829F06E9100432881 /* MessageCell.swift in Sources */,
				529DF46C29F0216100432881 /* Person.swift in Sources */,
				529DF47229F02AA700432881 /* NestedListView.swift in Sources */,
				526D87FB29D5AF8F00E0F8E7 /* ContentView.swift in Sources */,
				529DF47629F06DCD00432881 /* ListSwipeView.swift in Sources */,
				529DF47429F06C2300432881 /* Message.swift in Sources */,
				52847BA829DD82AC000867E7 /* SettingView.swift in Sources */,
				526D87F929D5AF8F00E0F8E7 /* stateandbindingApp.swift in Sources */,
				52847BA629DD8163000867E7 /* CustomScene.swift in Sources */,
				529DF47029F025A100432881 /* PersonRowView.swift in Sources */,
				529DF46E29F0226600432881 /* BasicListView.swift in Sources */,
			);
			runOnlyForDeploymentPostprocessing = 0;
		};
		526D880129D5AF9200E0F8E7 /* Sources */ = {
			isa = PBXSourcesBuildPhase;
			buildActionMask = 2147483647;
			files = (
				526D880A29D5AF9200E0F8E7 /* stateandbindingTests.swift in Sources */,
			);
			runOnlyForDeploymentPostprocessing = 0;
		};
		526D880B29D5AF9200E0F8E7 /* Sources */ = {
			isa = PBXSourcesBuildPhase;
			buildActionMask = 2147483647;
			files = (
				526D881629D5AF9200E0F8E7 /* stateandbindingUITestsLaunchTests.swift in Sources */,
				526D881429D5AF9200E0F8E7 /* stateandbindingUITests.swift in Sources */,
			);
			runOnlyForDeploymentPostprocessing = 0;
		};
/* End PBXSourcesBuildPhase section */

/* Begin PBXTargetDependency section */
		526D880729D5AF9200E0F8E7 /* PBXTargetDependency */ = {
			isa = PBXTargetDependency;
			target = 526D87F429D5AF8F00E0F8E7 /* stateandbinding */;
			targetProxy = 526D880629D5AF9200E0F8E7 /* PBXContainerItemProxy */;
		};
		526D881129D5AF9200E0F8E7 /* PBXTargetDependency */ = {
			isa = PBXTargetDependency;
			target = 526D87F429D5AF8F00E0F8E7 /* stateandbinding */;
			targetProxy = 526D881029D5AF9200E0F8E7 /* PBXContainerItemProxy */;
		};
/* End PBXTargetDependency section */

/* Begin XCBuildConfiguration section */
		526D881729D5AF9200E0F8E7 /* Debug */ = {
			isa = XCBuildConfiguration;
			buildSettings = {
				ALWAYS_SEARCH_USER_PATHS = NO;
				CLANG_ANALYZER_NONNULL = YES;
				CLANG_ANALYZER_NUMBER_OBJECT_CONVERSION = YES_AGGRESSIVE;
				CLANG_CXX_LANGUAGE_STANDARD = "gnu++20";
				CLANG_ENABLE_MODULES = YES;
				CLANG_ENABLE_OBJC_ARC = YES;
				CLANG_ENABLE_OBJC_WEAK = YES;
				CLANG_WARN_BLOCK_CAPTURE_AUTORELEASING = YES;
				CLANG_WARN_BOOL_CONVERSION = YES;
				CLANG_WARN_COMMA = YES;
				CLANG_WARN_CONSTANT_CONVERSION = YES;
				CLANG_WARN_DEPRECATED_OBJC_IMPLEMENTATIONS = YES;
				CLANG_WARN_DIRECT_OBJC_ISA_USAGE = YES_ERROR;
				CLANG_WARN_DOCUMENTATION_COMMENTS = YES;
				CLANG_WARN_EMPTY_BODY = YES;
				CLANG_WARN_ENUM_CONVERSION = YES;
				CLANG_WARN_INFINITE_RECURSION = YES;
				CLANG_WARN_INT_CONVERSION = YES;
				CLANG_WARN_NON_LITERAL_NULL_CONVERSION = YES;
				CLANG_WARN_OBJC_IMPLICIT_RETAIN_SELF = YES;
				CLANG_WARN_OBJC_LITERAL_CONVERSION = YES;
				CLANG_WARN_OBJC_ROOT_CLASS = YES_ERROR;
				CLANG_WARN_QUOTED_INCLUDE_IN_FRAMEWORK_HEADER = YES;
				CLANG_WARN_RANGE_LOOP_ANALYSIS = YES;
				CLANG_WARN_STRICT_PROTOTYPES = YES;
				CLANG_WARN_SUSPICIOUS_MOVE = YES;
				CLANG_WARN_UNGUARDED_AVAILABILITY = YES_AGGRESSIVE;
				CLANG_WARN_UNREACHABLE_CODE = YES;
				CLANG_WARN__DUPLICATE_METHOD_MATCH = YES;
				COPY_PHASE_STRIP = NO;
				DEBUG_INFORMATION_FORMAT = dwarf;
				ENABLE_STRICT_OBJC_MSGSEND = YES;
				ENABLE_TESTABILITY = YES;
				GCC_C_LANGUAGE_STANDARD = gnu11;
				GCC_DYNAMIC_NO_PIC = NO;
				GCC_NO_COMMON_BLOCKS = YES;
				GCC_OPTIMIZATION_LEVEL = 0;
				GCC_PREPROCESSOR_DEFINITIONS = (
					"DEBUG=1",
					"$(inherited)",
				);
				GCC_WARN_64_TO_32_BIT_CONVERSION = YES;
				GCC_WARN_ABOUT_RETURN_TYPE = YES_ERROR;
				GCC_WARN_UNDECLARED_SELECTOR = YES;
				GCC_WARN_UNINITIALIZED_AUTOS = YES_AGGRESSIVE;
				GCC_WARN_UNUSED_FUNCTION = YES;
				GCC_WARN_UNUSED_VARIABLE = YES;
				IPHONEOS_DEPLOYMENT_TARGET = 16.1;
				MTL_ENABLE_DEBUG_INFO = INCLUDE_SOURCE;
				MTL_FAST_MATH = YES;
				ONLY_ACTIVE_ARCH = YES;
				SDKROOT = iphoneos;
				SWIFT_ACTIVE_COMPILATION_CONDITIONS = DEBUG;
				SWIFT_OPTIMIZATION_LEVEL = "-Onone";
			};
			name = Debug;
		};
		526D881829D5AF9200E0F8E7 /* Release */ = {
			isa = XCBuildConfiguration;
			buildSettings = {
				ALWAYS_SEARCH_USER_PATHS = NO;
				CLANG_ANALYZER_NONNULL = YES;
				CLANG_ANALYZER_NUMBER_OBJECT_CONVERSION = YES_AGGRESSIVE;
				CLANG_CXX_LANGUAGE_STANDARD = "gnu++20";
				CLANG_ENABLE_MODULES = YES;
				CLANG_ENABLE_OBJC_ARC = YES;
				CLANG_ENABLE_OBJC_WEAK = YES;
				CLANG_WARN_BLOCK_CAPTURE_AUTORELEASING = YES;
				CLANG_WARN_BOOL_CONVERSION = YES;
				CLANG_WARN_COMMA = YES;
				CLANG_WARN_CONSTANT_CONVERSION = YES;
				CLANG_WARN_DEPRECATED_OBJC_IMPLEMENTATIONS = YES;
				CLANG_WARN_DIRECT_OBJC_ISA_USAGE = YES_ERROR;
				CLANG_WARN_DOCUMENTATION_COMMENTS = YES;
				CLANG_WARN_EMPTY_BODY = YES;
				CLANG_WARN_ENUM_CONVERSION = YES;
				CLANG_WARN_INFINITE_RECURSION = YES;
				CLANG_WARN_INT_CONVERSION = YES;
				CLANG_WARN_NON_LITERAL_NULL_CONVERSION = YES;
				CLANG_WARN_OBJC_IMPLICIT_RETAIN_SELF = YES;
				CLANG_WARN_OBJC_LITERAL_CONVERSION = YES;
				CLANG_WARN_OBJC_ROOT_CLASS = YES_ERROR;
				CLANG_WARN_QUOTED_INCLUDE_IN_FRAMEWORK_HEADER = YES;
				CLANG_WARN_RANGE_LOOP_ANALYSIS = YES;
				CLANG_WARN_STRICT_PROTOTYPES = YES;
				CLANG_WARN_SUSPICIOUS_MOVE = YES;
				CLANG_WARN_UNGUARDED_AVAILABILITY = YES_AGGRESSIVE;
				CLANG_WARN_UNREACHABLE_CODE = YES;
				CLANG_WARN__DUPLICATE_METHOD_MATCH = YES;
				COPY_PHASE_STRIP = NO;
				DEBUG_INFORMATION_FORMAT = "dwarf-with-dsym";
				ENABLE_NS_ASSERTIONS = NO;
				ENABLE_STRICT_OBJC_MSGSEND = YES;
				GCC_C_LANGUAGE_STANDARD = gnu11;
				GCC_NO_COMMON_BLOCKS = YES;
				GCC_WARN_64_TO_32_BIT_CONVERSION = YES;
				GCC_WARN_ABOUT_RETURN_TYPE = YES_ERROR;
				GCC_WARN_UNDECLARED_SELECTOR = YES;
				GCC_WARN_UNINITIALIZED_AUTOS = YES_AGGRESSIVE;
				GCC_WARN_UNUSED_FUNCTION = YES;
				GCC_WARN_UNUSED_VARIABLE = YES;
				IPHONEOS_DEPLOYMENT_TARGET = 16.1;
				MTL_ENABLE_DEBUG_INFO = NO;
				MTL_FAST_MATH = YES;
				SDKROOT = iphoneos;
				SWIFT_COMPILATION_MODE = wholemodule;
				SWIFT_OPTIMIZATION_LEVEL = "-O";
				VALIDATE_PRODUCT = YES;
			};
			name = Release;
		};
		526D881A29D5AF9200E0F8E7 /* Debug */ = {
			isa = XCBuildConfiguration;
			buildSettings = {
				ASSETCATALOG_COMPILER_APPICON_NAME = AppIcon;
				ASSETCATALOG_COMPILER_GLOBAL_ACCENT_COLOR_NAME = AccentColor;
				CODE_SIGN_STYLE = Automatic;
				CURRENT_PROJECT_VERSION = 1;
				DEVELOPMENT_ASSET_PATHS = "\"stateandbinding/Preview Content\"";
				ENABLE_PREVIEWS = YES;
				GENERATE_INFOPLIST_FILE = YES;
				INFOPLIST_KEY_UIApplicationSceneManifest_Generation = YES;
				INFOPLIST_KEY_UIApplicationSupportsIndirectInputEvents = YES;
				INFOPLIST_KEY_UILaunchScreen_Generation = YES;
				INFOPLIST_KEY_UISupportedInterfaceOrientations_iPad = "UIInterfaceOrientationPortrait UIInterfaceOrientationPortraitUpsideDown UIInterfaceOrientationLandscapeLeft UIInterfaceOrientationLandscapeRight";
				INFOPLIST_KEY_UISupportedInterfaceOrientations_iPhone = "UIInterfaceOrientationPortrait UIInterfaceOrientationLandscapeLeft UIInterfaceOrientationLandscapeRight";
				LD_RUNPATH_SEARCH_PATHS = (
					"$(inherited)",
					"@executable_path/Frameworks",
				);
				MARKETING_VERSION = 1.0;
				PRODUCT_BUNDLE_IDENTIFIER = taloases.stateandbinding;
				PRODUCT_NAME = "$(TARGET_NAME)";
				SWIFT_EMIT_LOC_STRINGS = YES;
				SWIFT_VERSION = 5.0;
				TARGETED_DEVICE_FAMILY = "1,2";
			};
			name = Debug;
		};
		526D881B29D5AF9200E0F8E7 /* Release */ = {
			isa = XCBuildConfiguration;
			buildSettings = {
				ASSETCATALOG_COMPILER_APPICON_NAME = AppIcon;
				ASSETCATALOG_COMPILER_GLOBAL_ACCENT_COLOR_NAME = AccentColor;
				CODE_SIGN_STYLE = Automatic;
				CURRENT_PROJECT_VERSION = 1;
				DEVELOPMENT_ASSET_PATHS = "\"stateandbinding/Preview Content\"";
				ENABLE_PREVIEWS = YES;
				GENERATE_INFOPLIST_FILE = YES;
				INFOPLIST_KEY_UIApplicationSceneManifest_Generation = YES;
				INFOPLIST_KEY_UIApplicationSupportsIndirectInputEvents = YES;
				INFOPLIST_KEY_UILaunchScreen_Generation = YES;
				INFOPLIST_KEY_UISupportedInterfaceOrientations_iPad = "UIInterfaceOrientationPortrait UIInterfaceOrientationPortraitUpsideDown UIInterfaceOrientationLandscapeLeft UIInterfaceOrientationLandscapeRight";
				INFOPLIST_KEY_UISupportedInterfaceOrientations_iPhone = "UIInterfaceOrientationPortrait UIInterfaceOrientationLandscapeLeft UIInterfaceOrientationLandscapeRight";
				LD_RUNPATH_SEARCH_PATHS = (
					"$(inherited)",
					"@executable_path/Frameworks",
				);
				MARKETING_VERSION = 1.0;
				PRODUCT_BUNDLE_IDENTIFIER = taloases.stateandbinding;
				PRODUCT_NAME = "$(TARGET_NAME)";
				SWIFT_EMIT_LOC_STRINGS = YES;
				SWIFT_VERSION = 5.0;
				TARGETED_DEVICE_FAMILY = "1,2";
			};
			name = Release;
		};
		526D881D29D5AF9200E0F8E7 /* Debug */ = {
			isa = XCBuildConfiguration;
			buildSettings = {
				ALWAYS_EMBED_SWIFT_STANDARD_LIBRARIES = YES;
				BUNDLE_LOADER = "$(TEST_HOST)";
				CODE_SIGN_STYLE = Automatic;
				CURRENT_PROJECT_VERSION = 1;
				GENERATE_INFOPLIST_FILE = YES;
				IPHONEOS_DEPLOYMENT_TARGET = 16.1;
				MARKETING_VERSION = 1.0;
				PRODUCT_BUNDLE_IDENTIFIER = taloases.stateandbindingTests;
				PRODUCT_NAME = "$(TARGET_NAME)";
				SWIFT_EMIT_LOC_STRINGS = NO;
				SWIFT_VERSION = 5.0;
				TARGETED_DEVICE_FAMILY = "1,2";
				TEST_HOST = "$(BUILT_PRODUCTS_DIR)/stateandbinding.app/$(BUNDLE_EXECUTABLE_FOLDER_PATH)/stateandbinding";
			};
			name = Debug;
		};
		526D881E29D5AF9200E0F8E7 /* Release */ = {
			isa = XCBuildConfiguration;
			buildSettings = {
				ALWAYS_EMBED_SWIFT_STANDARD_LIBRARIES = YES;
				BUNDLE_LOADER = "$(TEST_HOST)";
				CODE_SIGN_STYLE = Automatic;
				CURRENT_PROJECT_VERSION = 1;
				GENERATE_INFOPLIST_FILE = YES;
				IPHONEOS_DEPLOYMENT_TARGET = 16.1;
				MARKETING_VERSION = 1.0;
				PRODUCT_BUNDLE_IDENTIFIER = taloases.stateandbindingTests;
				PRODUCT_NAME = "$(TARGET_NAME)";
				SWIFT_EMIT_LOC_STRINGS = NO;
				SWIFT_VERSION = 5.0;
				TARGETED_DEVICE_FAMILY = "1,2";
				TEST_HOST = "$(BUILT_PRODUCTS_DIR)/stateandbinding.app/$(BUNDLE_EXECUTABLE_FOLDER_PATH)/stateandbinding";
			};
			name = Release;
		};
		526D882029D5AF9200E0F8E7 /* Debug */ = {
			isa = XCBuildConfiguration;
			buildSettings = {
				ALWAYS_EMBED_SWIFT_STANDARD_LIBRARIES = YES;
				CODE_SIGN_STYLE = Automatic;
				CURRENT_PROJECT_VERSION = 1;
				GENERATE_INFOPLIST_FILE = YES;
				MARKETING_VERSION = 1.0;
				PRODUCT_BUNDLE_IDENTIFIER = taloases.stateandbindingUITests;
				PRODUCT_NAME = "$(TARGET_NAME)";
				SWIFT_EMIT_LOC_STRINGS = NO;
				SWIFT_VERSION = 5.0;
				TARGETED_DEVICE_FAMILY = "1,2";
				TEST_TARGET_NAME = stateandbinding;
			};
			name = Debug;
		};
		526D882129D5AF9200E0F8E7 /* Release */ = {
			isa = XCBuildConfiguration;
			buildSettings = {
				ALWAYS_EMBED_SWIFT_STANDARD_LIBRARIES = YES;
				CODE_SIGN_STYLE = Automatic;
				CURRENT_PROJECT_VERSION = 1;
				GENERATE_INFOPLIST_FILE = YES;
				MARKETING_VERSION = 1.0;
				PRODUCT_BUNDLE_IDENTIFIER = taloases.stateandbindingUITests;
				PRODUCT_NAME = "$(TARGET_NAME)";
				SWIFT_EMIT_LOC_STRINGS = NO;
				SWIFT_VERSION = 5.0;
				TARGETED_DEVICE_FAMILY = "1,2";
				TEST_TARGET_NAME = stateandbinding;
			};
			name = Release;
		};
/* End XCBuildConfiguration section */

/* Begin XCConfigurationList section */
		526D87F029D5AF8F00E0F8E7 /* Build configuration list for PBXProject "stateandbinding" */ = {
			isa = XCConfigurationList;
			buildConfigurations = (
				526D881729D5AF9200E0F8E7 /* Debug */,
				526D881829D5AF9200E0F8E7 /* Release */,
			);
			defaultConfigurationIsVisible = 0;
			defaultConfigurationName = Release;
		};
		526D881929D5AF9200E0F8E7 /* Build configuration list for PBXNativeTarget "stateandbinding" */ = {
			isa = XCConfigurationList;
			buildConfigurations = (
				526D881A29D5AF9200E0F8E7 /* Debug */,
				526D881B29D5AF9200E0F8E7 /* Release */,
			);
			defaultConfigurationIsVisible = 0;
			defaultConfigurationName = Release;
		};
		526D881C29D5AF9200E0F8E7 /* Build configuration list for PBXNativeTarget "stateandbindingTests" */ = {
			isa = XCConfigurationList;
			buildConfigurations = (
				526D881D29D5AF9200E0F8E7 /* Debug */,
				526D881E29D5AF9200E0F8E7 /* Release */,
			);
			defaultConfigurationIsVisible = 0;
			defaultConfigurationName = Release;
		};
		526D881F29D5AF9200E0F8E7 /* Build configuration list for PBXNativeTarget "stateandbindingUITests" */ = {
			isa = XCConfigurationList;
			buildConfigurations = (
				526D882029D5AF9200E0F8E7 /* Debug */,
				526D882129D5AF9200E0F8E7 /* Release */,
			);
			defaultConfigurationIsVisible = 0;
			defaultConfigurationName = Release;
		};
/* End XCConfigurationList section */
	};
	rootObject = 526D87ED29D5AF8F00E0F8E7 /* Project object */;
}
