// !$*UTF8*$!
{
	archiveVersion = 1;
	classes = {
	};
	objectVersion = 56;
	objects = {

/* Begin PBXBuildFile section */
		52847BB629DE073C000867E7 /* news_appApp.swift in Sources */ = {isa = PBXBuildFile; fileRef = 52847BB529DE073C000867E7 /* news_appApp.swift */; };
		52847BB829DE073C000867E7 /* ContentView.swift in Sources */ = {isa = PBXBuildFile; fileRef = 52847BB729DE073C000867E7 /* ContentView.swift */; };
		52847BBA29DE073E000867E7 /* Assets.xcassets in Resources */ = {isa = PBXBuildFile; fileRef = 52847BB929DE073E000867E7 /* Assets.xcassets */; };
		52847BBD29DE073E000867E7 /* Preview Assets.xcassets in Resources */ = {isa = PBXBuildFile; fileRef = 52847BBC29DE073E000867E7 /* Preview Assets.xcassets */; };
		52847BC729DE073E000867E7 /* news_appTests.swift in Sources */ = {isa = PBXBuildFile; fileRef = 52847BC629DE073E000867E7 /* news_appTests.swift */; };
		52847BD129DE073E000867E7 /* news_appUITests.swift in Sources */ = {isa = PBXBuildFile; fileRef = 52847BD029DE073E000867E7 /* news_appUITests.swift */; };
		52847BD329DE073E000867E7 /* news_appUITestsLaunchTests.swift in Sources */ = {isa = PBXBuildFile; fileRef = 52847BD229DE073E000867E7 /* news_appUITestsLaunchTests.swift */; };
		52847BE029DE0D22000867E7 /* news.json in Resources */ = {isa = PBXBuildFile; fileRef = 52847BDF29DE0D22000867E7 /* news.json */; };
		52847BE329DE1B33000867E7 /* Article.swift in Sources */ = {isa = PBXBuildFile; fileRef = 52847BE229DE1B33000867E7 /* Article.swift */; };
		52847BE529DE20A5000867E7 /* NewsApiResponse.swift in Sources */ = {isa = PBXBuildFile; fileRef = 52847BE429DE20A5000867E7 /* NewsApiResponse.swift */; };
/* End PBXBuildFile section */

/* Begin PBXContainerItemProxy section */
		52847BC329DE073E000867E7 /* PBXContainerItemProxy */ = {
			isa = PBXContainerItemProxy;
			containerPortal = 52847BAA29DE073C000867E7 /* Project object */;
			proxyType = 1;
			remoteGlobalIDString = 52847BB129DE073C000867E7;
			remoteInfo = "news-app";
		};
		52847BCD29DE073E000867E7 /* PBXContainerItemProxy */ = {
			isa = PBXContainerItemProxy;
			containerPortal = 52847BAA29DE073C000867E7 /* Project object */;
			proxyType = 1;
			remoteGlobalIDString = 52847BB129DE073C000867E7;
			remoteInfo = "news-app";
		};
/* End PBXContainerItemProxy section */

/* Begin PBXFileReference section */
		52847BB229DE073C000867E7 /* news-app.app */ = {isa = PBXFileReference; explicitFileType = wrapper.application; includeInIndex = 0; path = "news-app.app"; sourceTree = BUILT_PRODUCTS_DIR; };
		52847BB529DE073C000867E7 /* news_appApp.swift */ = {isa = PBXFileReference; lastKnownFileType = sourcecode.swift; path = news_appApp.swift; sourceTree = "<group>"; };
		52847BB729DE073C000867E7 /* ContentView.swift */ = {isa = PBXFileReference; lastKnownFileType = sourcecode.swift; path = ContentView.swift; sourceTree = "<group>"; };
		52847BB929DE073E000867E7 /* Assets.xcassets */ = {isa = PBXFileReference; lastKnownFileType = folder.assetcatalog; path = Assets.xcassets; sourceTree = "<group>"; };
		52847BBC29DE073E000867E7 /* Preview Assets.xcassets */ = {isa = PBXFileReference; lastKnownFileType = folder.assetcatalog; path = "Preview Assets.xcassets"; sourceTree = "<group>"; };
		52847BC229DE073E000867E7 /* news-appTests.xctest */ = {isa = PBXFileReference; explicitFileType = wrapper.cfbundle; includeInIndex = 0; path = "news-appTests.xctest"; sourceTree = BUILT_PRODUCTS_DIR; };
		52847BC629DE073E000867E7 /* news_appTests.swift */ = {isa = PBXFileReference; lastKnownFileType = sourcecode.swift; path = news_appTests.swift; sourceTree = "<group>"; };
		52847BCC29DE073E000867E7 /* news-appUITests.xctest */ = {isa = PBXFileReference; explicitFileType = wrapper.cfbundle; includeInIndex = 0; path = "news-appUITests.xctest"; sourceTree = BUILT_PRODUCTS_DIR; };
		52847BD029DE073E000867E7 /* news_appUITests.swift */ = {isa = PBXFileReference; lastKnownFileType = sourcecode.swift; path = news_appUITests.swift; sourceTree = "<group>"; };
		52847BD229DE073E000867E7 /* news_appUITestsLaunchTests.swift */ = {isa = PBXFileReference; lastKnownFileType = sourcecode.swift; path = news_appUITestsLaunchTests.swift; sourceTree = "<group>"; };
		52847BDF29DE0D22000867E7 /* news.json */ = {isa = PBXFileReference; lastKnownFileType = text.json; path = news.json; sourceTree = "<group>"; };
		52847BE229DE1B33000867E7 /* Article.swift */ = {isa = PBXFileReference; lastKnownFileType = sourcecode.swift; path = Article.swift; sourceTree = "<group>"; };
		52847BE429DE20A5000867E7 /* NewsApiResponse.swift */ = {isa = PBXFileReference; lastKnownFileType = sourcecode.swift; path = NewsApiResponse.swift; sourceTree = "<group>"; };
/* End PBXFileReference section */

/* Begin PBXFrameworksBuildPhase section */
		52847BAF29DE073C000867E7 /* Frameworks */ = {
			isa = PBXFrameworksBuildPhase;
			buildActionMask = 2147483647;
			files = (
			);
			runOnlyForDeploymentPostprocessing = 0;
		};
		52847BBF29DE073E000867E7 /* Frameworks */ = {
			isa = PBXFrameworksBuildPhase;
			buildActionMask = 2147483647;
			files = (
			);
			runOnlyForDeploymentPostprocessing = 0;
		};
		52847BC929DE073E000867E7 /* Frameworks */ = {
			isa = PBXFrameworksBuildPhase;
			buildActionMask = 2147483647;
			files = (
			);
			runOnlyForDeploymentPostprocessing = 0;
		};
/* End PBXFrameworksBuildPhase section */

/* Begin PBXGroup section */
		52847BA929DE073C000867E7 = {
			isa = PBXGroup;
			children = (
				52847BB429DE073C000867E7 /* news-app */,
				52847BC529DE073E000867E7 /* news-appTests */,
				52847BCF29DE073E000867E7 /* news-appUITests */,
				52847BB329DE073C000867E7 /* Products */,
			);
			sourceTree = "<group>";
		};
		52847BB329DE073C000867E7 /* Products */ = {
			isa = PBXGroup;
			children = (
				52847BB229DE073C000867E7 /* news-app.app */,
				52847BC229DE073E000867E7 /* news-appTests.xctest */,
				52847BCC29DE073E000867E7 /* news-appUITests.xctest */,
			);
			name = Products;
			sourceTree = "<group>";
		};
		52847BB429DE073C000867E7 /* news-app */ = {
			isa = PBXGroup;
			children = (
				52847BE129DE1A8D000867E7 /* models */,
				52847BB529DE073C000867E7 /* news_appApp.swift */,
				52847BB729DE073C000867E7 /* ContentView.swift */,
				52847BB929DE073E000867E7 /* Assets.xcassets */,
				52847BDF29DE0D22000867E7 /* news.json */,
				52847BBB29DE073E000867E7 /* Preview Content */,
			);
			path = "news-app";
			sourceTree = "<group>";
		};
		52847BBB29DE073E000867E7 /* Preview Content */ = {
			isa = PBXGroup;
			children = (
				52847BBC29DE073E000867E7 /* Preview Assets.xcassets */,
			);
			path = "Preview Content";
			sourceTree = "<group>";
		};
		52847BC529DE073E000867E7 /* news-appTests */ = {
			isa = PBXGroup;
			children = (
				52847BC629DE073E000867E7 /* news_appTests.swift */,
			);
			path = "news-appTests";
			sourceTree = "<group>";
		};
		52847BCF29DE073E000867E7 /* news-appUITests */ = {
			isa = PBXGroup;
			children = (
				52847BD029DE073E000867E7 /* news_appUITests.swift */,
				52847BD229DE073E000867E7 /* news_appUITestsLaunchTests.swift */,
			);
			path = "news-appUITests";
			sourceTree = "<group>";
		};
		52847BE129DE1A8D000867E7 /* models */ = {
			isa = PBXGroup;
			children = (
				52847BE229DE1B33000867E7 /* Article.swift */,
				52847BE429DE20A5000867E7 /* NewsApiResponse.swift */,
			);
			path = models;
			sourceTree = "<group>";
		};
/* End PBXGroup section */

/* Begin PBXNativeTarget section */
		52847BB129DE073C000867E7 /* news-app */ = {
			isa = PBXNativeTarget;
			buildConfigurationList = 52847BD629DE073E000867E7 /* Build configuration list for PBXNativeTarget "news-app" */;
			buildPhases = (
				52847BAE29DE073C000867E7 /* Sources */,
				52847BAF29DE073C000867E7 /* Frameworks */,
				52847BB029DE073C000867E7 /* Resources */,
			);
			buildRules = (
			);
			dependencies = (
			);
			name = "news-app";
			productName = "news-app";
			productReference = 52847BB229DE073C000867E7 /* news-app.app */;
			productType = "com.apple.product-type.application";
		};
		52847BC129DE073E000867E7 /* news-appTests */ = {
			isa = PBXNativeTarget;
			buildConfigurationList = 52847BD929DE073E000867E7 /* Build configuration list for PBXNativeTarget "news-appTests" */;
			buildPhases = (
				52847BBE29DE073E000867E7 /* Sources */,
				52847BBF29DE073E000867E7 /* Frameworks */,
				52847BC029DE073E000867E7 /* Resources */,
			);
			buildRules = (
			);
			dependencies = (
				52847BC429DE073E000867E7 /* PBXTargetDependency */,
			);
			name = "news-appTests";
			productName = "news-appTests";
			productReference = 52847BC229DE073E000867E7 /* news-appTests.xctest */;
			productType = "com.apple.product-type.bundle.unit-test";
		};
		52847BCB29DE073E000867E7 /* news-appUITests */ = {
			isa = PBXNativeTarget;
			buildConfigurationList = 52847BDC29DE073E000867E7 /* Build configuration list for PBXNativeTarget "news-appUITests" */;
			buildPhases = (
				52847BC829DE073E000867E7 /* Sources */,
				52847BC929DE073E000867E7 /* Frameworks */,
				52847BCA29DE073E000867E7 /* Resources */,
			);
			buildRules = (
			);
			dependencies = (
				52847BCE29DE073E000867E7 /* PBXTargetDependency */,
			);
			name = "news-appUITests";
			productName = "news-appUITests";
			productReference = 52847BCC29DE073E000867E7 /* news-appUITests.xctest */;
			productType = "com.apple.product-type.bundle.ui-testing";
		};
/* End PBXNativeTarget section */

/* Begin PBXProject section */
		52847BAA29DE073C000867E7 /* Project object */ = {
			isa = PBXProject;
			attributes = {
				BuildIndependentTargetsInParallel = 1;
				LastSwiftUpdateCheck = 1410;
				LastUpgradeCheck = 1410;
				TargetAttributes = {
					52847BB129DE073C000867E7 = {
						CreatedOnToolsVersion = 14.1;
					};
					52847BC129DE073E000867E7 = {
						CreatedOnToolsVersion = 14.1;
						TestTargetID = 52847BB129DE073C000867E7;
					};
					52847BCB29DE073E000867E7 = {
						CreatedOnToolsVersion = 14.1;
						TestTargetID = 52847BB129DE073C000867E7;
					};
				};
			};
			buildConfigurationList = 52847BAD29DE073C000867E7 /* Build configuration list for PBXProject "news-app" */;
			compatibilityVersion = "Xcode 14.0";
			developmentRegion = en;
			hasScannedForEncodings = 0;
			knownRegions = (
				en,
				Base,
			);
			mainGroup = 52847BA929DE073C000867E7;
			productRefGroup = 52847BB329DE073C000867E7 /* Products */;
			projectDirPath = "";
			projectRoot = "";
			targets = (
				52847BB129DE073C000867E7 /* news-app */,
				52847BC129DE073E000867E7 /* news-appTests */,
				52847BCB29DE073E000867E7 /* news-appUITests */,
			);
		};
/* End PBXProject section */

/* Begin PBXResourcesBuildPhase section */
		52847BB029DE073C000867E7 /* Resources */ = {
			isa = PBXResourcesBuildPhase;
			buildActionMask = 2147483647;
			files = (
				52847BE029DE0D22000867E7 /* news.json in Resources */,
				52847BBD29DE073E000867E7 /* Preview Assets.xcassets in Resources */,
				52847BBA29DE073E000867E7 /* Assets.xcassets in Resources */,
			);
			runOnlyForDeploymentPostprocessing = 0;
		};
		52847BC029DE073E000867E7 /* Resources */ = {
			isa = PBXResourcesBuildPhase;
			buildActionMask = 2147483647;
			files = (
			);
			runOnlyForDeploymentPostprocessing = 0;
		};
		52847BCA29DE073E000867E7 /* Resources */ = {
			isa = PBXResourcesBuildPhase;
			buildActionMask = 2147483647;
			files = (
			);
			runOnlyForDeploymentPostprocessing = 0;
		};
/* End PBXResourcesBuildPhase section */

/* Begin PBXSourcesBuildPhase section */
		52847BAE29DE073C000867E7 /* Sources */ = {
			isa = PBXSourcesBuildPhase;
			buildActionMask = 2147483647;
			files = (
				52847BB829DE073C000867E7 /* ContentView.swift in Sources */,
				52847BB629DE073C000867E7 /* news_appApp.swift in Sources */,
				52847BE529DE20A5000867E7 /* NewsApiResponse.swift in Sources */,
				52847BE329DE1B33000867E7 /* Article.swift in Sources */,
			);
			runOnlyForDeploymentPostprocessing = 0;
		};
		52847BBE29DE073E000867E7 /* Sources */ = {
			isa = PBXSourcesBuildPhase;
			buildActionMask = 2147483647;
			files = (
				52847BC729DE073E000867E7 /* news_appTests.swift in Sources */,
			);
			runOnlyForDeploymentPostprocessing = 0;
		};
		52847BC829DE073E000867E7 /* Sources */ = {
			isa = PBXSourcesBuildPhase;
			buildActionMask = 2147483647;
			files = (
				52847BD329DE073E000867E7 /* news_appUITestsLaunchTests.swift in Sources */,
				52847BD129DE073E000867E7 /* news_appUITests.swift in Sources */,
			);
			runOnlyForDeploymentPostprocessing = 0;
		};
/* End PBXSourcesBuildPhase section */

/* Begin PBXTargetDependency section */
		52847BC429DE073E000867E7 /* PBXTargetDependency */ = {
			isa = PBXTargetDependency;
			target = 52847BB129DE073C000867E7 /* news-app */;
			targetProxy = 52847BC329DE073E000867E7 /* PBXContainerItemProxy */;
		};
		52847BCE29DE073E000867E7 /* PBXTargetDependency */ = {
			isa = PBXTargetDependency;
			target = 52847BB129DE073C000867E7 /* news-app */;
			targetProxy = 52847BCD29DE073E000867E7 /* PBXContainerItemProxy */;
		};
/* End PBXTargetDependency section */

/* Begin XCBuildConfiguration section */
		52847BD429DE073E000867E7 /* Debug */ = {
			isa = XCBuildConfiguration;
			buildSettings = {
				ALWAYS_SEARCH_USER_PATHS = NO;
				CLANG_ANALYZER_NONNULL = YES;
				CLANG_ANALYZER_NUMBER_OBJECT_CONVERSION = YES_AGGRESSIVE;
				CLANG_CXX_LANGUAGE_STANDARD = "gnu++20";
				CLANG_ENABLE_MODULES = YES;
				CLANG_ENABLE_OBJC_ARC = YES;
				CLANG_ENABLE_OBJC_WEAK = YES;
				CLANG_WARN_BLOCK_CAPTURE_AUTORELEASING = YES;
				CLANG_WARN_BOOL_CONVERSION = YES;
				CLANG_WARN_COMMA = YES;
				CLANG_WARN_CONSTANT_CONVERSION = YES;
				CLANG_WARN_DEPRECATED_OBJC_IMPLEMENTATIONS = YES;
				CLANG_WARN_DIRECT_OBJC_ISA_USAGE = YES_ERROR;
				CLANG_WARN_DOCUMENTATION_COMMENTS = YES;
				CLANG_WARN_EMPTY_BODY = YES;
				CLANG_WARN_ENUM_CONVERSION = YES;
				CLANG_WARN_INFINITE_RECURSION = YES;
				CLANG_WARN_INT_CONVERSION = YES;
				CLANG_WARN_NON_LITERAL_NULL_CONVERSION = YES;
				CLANG_WARN_OBJC_IMPLICIT_RETAIN_SELF = YES;
				CLANG_WARN_OBJC_LITERAL_CONVERSION = YES;
				CLANG_WARN_OBJC_ROOT_CLASS = YES_ERROR;
				CLANG_WARN_QUOTED_INCLUDE_IN_FRAMEWORK_HEADER = YES;
				CLANG_WARN_RANGE_LOOP_ANALYSIS = YES;
				CLANG_WARN_STRICT_PROTOTYPES = YES;
				CLANG_WARN_SUSPICIOUS_MOVE = YES;
				CLANG_WARN_UNGUARDED_AVAILABILITY = YES_AGGRESSIVE;
				CLANG_WARN_UNREACHABLE_CODE = YES;
				CLANG_WARN__DUPLICATE_METHOD_MATCH = YES;
				COPY_PHASE_STRIP = NO;
				DEBUG_INFORMATION_FORMAT = dwarf;
				ENABLE_STRICT_OBJC_MSGSEND = YES;
				ENABLE_TESTABILITY = YES;
				GCC_C_LANGUAGE_STANDARD = gnu11;
				GCC_DYNAMIC_NO_PIC = NO;
				GCC_NO_COMMON_BLOCKS = YES;
				GCC_OPTIMIZATION_LEVEL = 0;
				GCC_PREPROCESSOR_DEFINITIONS = (
					"DEBUG=1",
					"$(inherited)",
				);
				GCC_WARN_64_TO_32_BIT_CONVERSION = YES;
				GCC_WARN_ABOUT_RETURN_TYPE = YES_ERROR;
				GCC_WARN_UNDECLARED_SELECTOR = YES;
				GCC_WARN_UNINITIALIZED_AUTOS = YES_AGGRESSIVE;
				GCC_WARN_UNUSED_FUNCTION = YES;
				GCC_WARN_UNUSED_VARIABLE = YES;
				IPHONEOS_DEPLOYMENT_TARGET = 16.1;
				MTL_ENABLE_DEBUG_INFO = INCLUDE_SOURCE;
				MTL_FAST_MATH = YES;
				ONLY_ACTIVE_ARCH = YES;
				SDKROOT = iphoneos;
				SWIFT_ACTIVE_COMPILATION_CONDITIONS = DEBUG;
				SWIFT_OPTIMIZATION_LEVEL = "-Onone";
			};
			name = Debug;
		};
		52847BD529DE073E000867E7 /* Release */ = {
			isa = XCBuildConfiguration;
			buildSettings = {
				ALWAYS_SEARCH_USER_PATHS = NO;
				CLANG_ANALYZER_NONNULL = YES;
				CLANG_ANALYZER_NUMBER_OBJECT_CONVERSION = YES_AGGRESSIVE;
				CLANG_CXX_LANGUAGE_STANDARD = "gnu++20";
				CLANG_ENABLE_MODULES = YES;
				CLANG_ENABLE_OBJC_ARC = YES;
				CLANG_ENABLE_OBJC_WEAK = YES;
				CLANG_WARN_BLOCK_CAPTURE_AUTORELEASING = YES;
				CLANG_WARN_BOOL_CONVERSION = YES;
				CLANG_WARN_COMMA = YES;
				CLANG_WARN_CONSTANT_CONVERSION = YES;
				CLANG_WARN_DEPRECATED_OBJC_IMPLEMENTATIONS = YES;
				CLANG_WARN_DIRECT_OBJC_ISA_USAGE = YES_ERROR;
				CLANG_WARN_DOCUMENTATION_COMMENTS = YES;
				CLANG_WARN_EMPTY_BODY = YES;
				CLANG_WARN_ENUM_CONVERSION = YES;
				CLANG_WARN_INFINITE_RECURSION = YES;
				CLANG_WARN_INT_CONVERSION = YES;
				CLANG_WARN_NON_LITERAL_NULL_CONVERSION = YES;
				CLANG_WARN_OBJC_IMPLICIT_RETAIN_SELF = YES;
				CLANG_WARN_OBJC_LITERAL_CONVERSION = YES;
				CLANG_WARN_OBJC_ROOT_CLASS = YES_ERROR;
				CLANG_WARN_QUOTED_INCLUDE_IN_FRAMEWORK_HEADER = YES;
				CLANG_WARN_RANGE_LOOP_ANALYSIS = YES;
				CLANG_WARN_STRICT_PROTOTYPES = YES;
				CLANG_WARN_SUSPICIOUS_MOVE = YES;
				CLANG_WARN_UNGUARDED_AVAILABILITY = YES_AGGRESSIVE;
				CLANG_WARN_UNREACHABLE_CODE = YES;
				CLANG_WARN__DUPLICATE_METHOD_MATCH = YES;
				COPY_PHASE_STRIP = NO;
				DEBUG_INFORMATION_FORMAT = "dwarf-with-dsym";
				ENABLE_NS_ASSERTIONS = NO;
				ENABLE_STRICT_OBJC_MSGSEND = YES;
				GCC_C_LANGUAGE_STANDARD = gnu11;
				GCC_NO_COMMON_BLOCKS = YES;
				GCC_WARN_64_TO_32_BIT_CONVERSION = YES;
				GCC_WARN_ABOUT_RETURN_TYPE = YES_ERROR;
				GCC_WARN_UNDECLARED_SELECTOR = YES;
				GCC_WARN_UNINITIALIZED_AUTOS = YES_AGGRESSIVE;
				GCC_WARN_UNUSED_FUNCTION = YES;
				GCC_WARN_UNUSED_VARIABLE = YES;
				IPHONEOS_DEPLOYMENT_TARGET = 16.1;
				MTL_ENABLE_DEBUG_INFO = NO;
				MTL_FAST_MATH = YES;
				SDKROOT = iphoneos;
				SWIFT_COMPILATION_MODE = wholemodule;
				SWIFT_OPTIMIZATION_LEVEL = "-O";
				VALIDATE_PRODUCT = YES;
			};
			name = Release;
		};
		52847BD729DE073E000867E7 /* Debug */ = {
			isa = XCBuildConfiguration;
			buildSettings = {
				ASSETCATALOG_COMPILER_APPICON_NAME = AppIcon;
				ASSETCATALOG_COMPILER_GLOBAL_ACCENT_COLOR_NAME = AccentColor;
				CODE_SIGN_STYLE = Automatic;
				CURRENT_PROJECT_VERSION = 1;
				DEVELOPMENT_ASSET_PATHS = "\"news-app/Preview Content\"";
				ENABLE_PREVIEWS = YES;
				GENERATE_INFOPLIST_FILE = YES;
				INFOPLIST_KEY_UIApplicationSceneManifest_Generation = YES;
				INFOPLIST_KEY_UIApplicationSupportsIndirectInputEvents = YES;
				INFOPLIST_KEY_UILaunchScreen_Generation = YES;
				INFOPLIST_KEY_UISupportedInterfaceOrientations_iPad = "UIInterfaceOrientationPortrait UIInterfaceOrientationPortraitUpsideDown UIInterfaceOrientationLandscapeLeft UIInterfaceOrientationLandscapeRight";
				INFOPLIST_KEY_UISupportedInterfaceOrientations_iPhone = "UIInterfaceOrientationPortrait UIInterfaceOrientationLandscapeLeft UIInterfaceOrientationLandscapeRight";
				LD_RUNPATH_SEARCH_PATHS = (
					"$(inherited)",
					"@executable_path/Frameworks",
				);
				MARKETING_VERSION = 1.0;
				PRODUCT_BUNDLE_IDENTIFIER = "taloases.news-app";
				PRODUCT_NAME = "$(TARGET_NAME)";
				SWIFT_EMIT_LOC_STRINGS = YES;
				SWIFT_VERSION = 5.0;
				TARGETED_DEVICE_FAMILY = "1,2";
			};
			name = Debug;
		};
		52847BD829DE073E000867E7 /* Release */ = {
			isa = XCBuildConfiguration;
			buildSettings = {
				ASSETCATALOG_COMPILER_APPICON_NAME = AppIcon;
				ASSETCATALOG_COMPILER_GLOBAL_ACCENT_COLOR_NAME = AccentColor;
				CODE_SIGN_STYLE = Automatic;
				CURRENT_PROJECT_VERSION = 1;
				DEVELOPMENT_ASSET_PATHS = "\"news-app/Preview Content\"";
				ENABLE_PREVIEWS = YES;
				GENERATE_INFOPLIST_FILE = YES;
				INFOPLIST_KEY_UIApplicationSceneManifest_Generation = YES;
				INFOPLIST_KEY_UIApplicationSupportsIndirectInputEvents = YES;
				INFOPLIST_KEY_UILaunchScreen_Generation = YES;
				INFOPLIST_KEY_UISupportedInterfaceOrientations_iPad = "UIInterfaceOrientationPortrait UIInterfaceOrientationPortraitUpsideDown UIInterfaceOrientationLandscapeLeft UIInterfaceOrientationLandscapeRight";
				INFOPLIST_KEY_UISupportedInterfaceOrientations_iPhone = "UIInterfaceOrientationPortrait UIInterfaceOrientationLandscapeLeft UIInterfaceOrientationLandscapeRight";
				LD_RUNPATH_SEARCH_PATHS = (
					"$(inherited)",
					"@executable_path/Frameworks",
				);
				MARKETING_VERSION = 1.0;
				PRODUCT_BUNDLE_IDENTIFIER = "taloases.news-app";
				PRODUCT_NAME = "$(TARGET_NAME)";
				SWIFT_EMIT_LOC_STRINGS = YES;
				SWIFT_VERSION = 5.0;
				TARGETED_DEVICE_FAMILY = "1,2";
			};
			name = Release;
		};
		52847BDA29DE073E000867E7 /* Debug */ = {
			isa = XCBuildConfiguration;
			buildSettings = {
				ALWAYS_EMBED_SWIFT_STANDARD_LIBRARIES = YES;
				BUNDLE_LOADER = "$(TEST_HOST)";
				CODE_SIGN_STYLE = Automatic;
				CURRENT_PROJECT_VERSION = 1;
				GENERATE_INFOPLIST_FILE = YES;
				IPHONEOS_DEPLOYMENT_TARGET = 16.1;
				MARKETING_VERSION = 1.0;
				PRODUCT_BUNDLE_IDENTIFIER = "taloases.news-appTests";
				PRODUCT_NAME = "$(TARGET_NAME)";
				SWIFT_EMIT_LOC_STRINGS = NO;
				SWIFT_VERSION = 5.0;
				TARGETED_DEVICE_FAMILY = "1,2";
				TEST_HOST = "$(BUILT_PRODUCTS_DIR)/news-app.app/$(BUNDLE_EXECUTABLE_FOLDER_PATH)/news-app";
			};
			name = Debug;
		};
		52847BDB29DE073E000867E7 /* Release */ = {
			isa = XCBuildConfiguration;
			buildSettings = {
				ALWAYS_EMBED_SWIFT_STANDARD_LIBRARIES = YES;
				BUNDLE_LOADER = "$(TEST_HOST)";
				CODE_SIGN_STYLE = Automatic;
				CURRENT_PROJECT_VERSION = 1;
				GENERATE_INFOPLIST_FILE = YES;
				IPHONEOS_DEPLOYMENT_TARGET = 16.1;
				MARKETING_VERSION = 1.0;
				PRODUCT_BUNDLE_IDENTIFIER = "taloases.news-appTests";
				PRODUCT_NAME = "$(TARGET_NAME)";
				SWIFT_EMIT_LOC_STRINGS = NO;
				SWIFT_VERSION = 5.0;
				TARGETED_DEVICE_FAMILY = "1,2";
				TEST_HOST = "$(BUILT_PRODUCTS_DIR)/news-app.app/$(BUNDLE_EXECUTABLE_FOLDER_PATH)/news-app";
			};
			name = Release;
		};
		52847BDD29DE073E000867E7 /* Debug */ = {
			isa = XCBuildConfiguration;
			buildSettings = {
				ALWAYS_EMBED_SWIFT_STANDARD_LIBRARIES = YES;
				CODE_SIGN_STYLE = Automatic;
				CURRENT_PROJECT_VERSION = 1;
				GENERATE_INFOPLIST_FILE = YES;
				MARKETING_VERSION = 1.0;
				PRODUCT_BUNDLE_IDENTIFIER = "taloases.news-appUITests";
				PRODUCT_NAME = "$(TARGET_NAME)";
				SWIFT_EMIT_LOC_STRINGS = NO;
				SWIFT_VERSION = 5.0;
				TARGETED_DEVICE_FAMILY = "1,2";
				TEST_TARGET_NAME = "news-app";
			};
			name = Debug;
		};
		52847BDE29DE073E000867E7 /* Release */ = {
			isa = XCBuildConfiguration;
			buildSettings = {
				ALWAYS_EMBED_SWIFT_STANDARD_LIBRARIES = YES;
				CODE_SIGN_STYLE = Automatic;
				CURRENT_PROJECT_VERSION = 1;
				GENERATE_INFOPLIST_FILE = YES;
				MARKETING_VERSION = 1.0;
				PRODUCT_BUNDLE_IDENTIFIER = "taloases.news-appUITests";
				PRODUCT_NAME = "$(TARGET_NAME)";
				SWIFT_EMIT_LOC_STRINGS = NO;
				SWIFT_VERSION = 5.0;
				TARGETED_DEVICE_FAMILY = "1,2";
				TEST_TARGET_NAME = "news-app";
			};
			name = Release;
		};
/* End XCBuildConfiguration section */

/* Begin XCConfigurationList section */
		52847BAD29DE073C000867E7 /* Build configuration list for PBXProject "news-app" */ = {
			isa = XCConfigurationList;
			buildConfigurations = (
				52847BD429DE073E000867E7 /* Debug */,
				52847BD529DE073E000867E7 /* Release */,
			);
			defaultConfigurationIsVisible = 0;
			defaultConfigurationName = Release;
		};
		52847BD629DE073E000867E7 /* Build configuration list for PBXNativeTarget "news-app" */ = {
			isa = XCConfigurationList;
			buildConfigurations = (
				52847BD729DE073E000867E7 /* Debug */,
				52847BD829DE073E000867E7 /* Release */,
			);
			defaultConfigurationIsVisible = 0;
			defaultConfigurationName = Release;
		};
		52847BD929DE073E000867E7 /* Build configuration list for PBXNativeTarget "news-appTests" */ = {
			isa = XCConfigurationList;
			buildConfigurations = (
				52847BDA29DE073E000867E7 /* Debug */,
				52847BDB29DE073E000867E7 /* Release */,
			);
			defaultConfigurationIsVisible = 0;
			defaultConfigurationName = Release;
		};
		52847BDC29DE073E000867E7 /* Build configuration list for PBXNativeTarget "news-appUITests" */ = {
			isa = XCConfigurationList;
			buildConfigurations = (
				52847BDD29DE073E000867E7 /* Debug */,
				52847BDE29DE073E000867E7 /* Release */,
			);
			defaultConfigurationIsVisible = 0;
			defaultConfigurationName = Release;
		};
/* End XCConfigurationList section */
	};
	rootObject = 52847BAA29DE073C000867E7 /* Project object */;
}
