// !$*UTF8*$!
{
	archiveVersion = 1;
	classes = {
	};
	objectVersion = 56;
	objects = {

/* Begin PBXBuildFile section */
		5227691929C083B200A59A04 /* main.swift in Sources */ = {isa = PBXBuildFile; fileRef = 5227691829C083B200A59A04 /* main.swift */; };
		5227692029C0844E00A59A04 /* Understanding-variable-and-types.swift in Sources */ = {isa = PBXBuildFile; fileRef = 5227691F29C0844E00A59A04 /* Understanding-variable-and-types.swift */; };
		5227692229C487ED00A59A04 /* Collections Type.swift in Sources */ = {isa = PBXBuildFile; fileRef = 5227692129C487ED00A59A04 /* Collections Type.swift */; };
		5227692429C4A11400A59A04 /* Understanding String.swift in Sources */ = {isa = PBXBuildFile; fileRef = 5227692329C4A11400A59A04 /* Understanding String.swift */; };
		5227692629C4A34800A59A04 /* Control Flow.swift in Sources */ = {isa = PBXBuildFile; fileRef = 5227692529C4A34800A59A04 /* Control Flow.swift */; };
		526D882329DACB8E00E0F8E7 /* Initialization.swift in Sources */ = {isa = PBXBuildFile; fileRef = 526D882229DACB8E00E0F8E7 /* Initialization.swift */; };
		529DF45329E02E4800432881 /* Basic Operator.swift in Sources */ = {isa = PBXBuildFile; fileRef = 529DF45229E02E4800432881 /* Basic Operator.swift */; };
		529DF46229EDA50000432881 /* Generic.swift in Sources */ = {isa = PBXBuildFile; fileRef = 529DF46129EDA50000432881 /* Generic.swift */; };
		52F6BE1229CA0D0000B5C8FB /* Function.swift in Sources */ = {isa = PBXBuildFile; fileRef = 52F6BE1129CA0D0000B5C8FB /* Function.swift */; };
		52F6BE1429CA5FB000B5C8FB /* Closure.swift in Sources */ = {isa = PBXBuildFile; fileRef = 52F6BE1329CA5FB000B5C8FB /* Closure.swift */; };
		52F6BE1629CC667600B5C8FB /* Enumeration.swift in Sources */ = {isa = PBXBuildFile; fileRef = 52F6BE1529CC667600B5C8FB /* Enumeration.swift */; };
		52F6BE1829CC935B00B5C8FB /* Class and Structure.swift in Sources */ = {isa = PBXBuildFile; fileRef = 52F6BE1729CC935B00B5C8FB /* Class and Structure.swift */; };
		52F6BE1A29D0675900B5C8FB /* Methods.swift in Sources */ = {isa = PBXBuildFile; fileRef = 52F6BE1929D0675900B5C8FB /* Methods.swift */; };
		52F6BE1C29D3964B00B5C8FB /* Inheritance.swift in Sources */ = {isa = PBXBuildFile; fileRef = 52F6BE1B29D3964B00B5C8FB /* Inheritance.swift */; };
/* End PBXBuildFile section */

/* Begin PBXCopyFilesBuildPhase section */
		5227691329C083B200A59A04 /* CopyFiles */ = {
			isa = PBXCopyFilesBuildPhase;
			buildActionMask = 2147483647;
			dstPath = /usr/share/man/man1/;
			dstSubfolderSpec = 0;
			files = (
			);
			runOnlyForDeploymentPostprocessing = 1;
		};
/* End PBXCopyFilesBuildPhase section */

/* Begin PBXFileReference section */
		5227691529C083B200A59A04 /* swift-programming-lesson */ = {isa = PBXFileReference; explicitFileType = "compiled.mach-o.executable"; includeInIndex = 0; path = "swift-programming-lesson"; sourceTree = BUILT_PRODUCTS_DIR; };
		5227691829C083B200A59A04 /* main.swift */ = {isa = PBXFileReference; lastKnownFileType = sourcecode.swift; path = main.swift; sourceTree = "<group>"; };
		5227691F29C0844E00A59A04 /* Understanding-variable-and-types.swift */ = {isa = PBXFileReference; lastKnownFileType = sourcecode.swift; path = "Understanding-variable-and-types.swift"; sourceTree = "<group>"; };
		5227692129C487ED00A59A04 /* Collections Type.swift */ = {isa = PBXFileReference; lastKnownFileType = sourcecode.swift; path = "Collections Type.swift"; sourceTree = "<group>"; };
		5227692329C4A11400A59A04 /* Understanding String.swift */ = {isa = PBXFileReference; lastKnownFileType = sourcecode.swift; path = "Understanding String.swift"; sourceTree = "<group>"; };
		5227692529C4A34800A59A04 /* Control Flow.swift */ = {isa = PBXFileReference; lastKnownFileType = sourcecode.swift; path = "Control Flow.swift"; sourceTree = "<group>"; };
		526D882229DACB8E00E0F8E7 /* Initialization.swift */ = {isa = PBXFileReference; lastKnownFileType = sourcecode.swift; path = Initialization.swift; sourceTree = "<group>"; };
		529DF45229E02E4800432881 /* Basic Operator.swift */ = {isa = PBXFileReference; lastKnownFileType = sourcecode.swift; path = "Basic Operator.swift"; sourceTree = "<group>"; };
		529DF46129EDA50000432881 /* Generic.swift */ = {isa = PBXFileReference; lastKnownFileType = sourcecode.swift; path = Generic.swift; sourceTree = "<group>"; };
		52F6BE1129CA0D0000B5C8FB /* Function.swift */ = {isa = PBXFileReference; lastKnownFileType = sourcecode.swift; path = Function.swift; sourceTree = "<group>"; };
		52F6BE1329CA5FB000B5C8FB /* Closure.swift */ = {isa = PBXFileReference; lastKnownFileType = sourcecode.swift; path = Closure.swift; sourceTree = "<group>"; };
		52F6BE1529CC667600B5C8FB /* Enumeration.swift */ = {isa = PBXFileReference; lastKnownFileType = sourcecode.swift; path = Enumeration.swift; sourceTree = "<group>"; };
		52F6BE1729CC935B00B5C8FB /* Class and Structure.swift */ = {isa = PBXFileReference; lastKnownFileType = sourcecode.swift; path = "Class and Structure.swift"; sourceTree = "<group>"; };
		52F6BE1929D0675900B5C8FB /* Methods.swift */ = {isa = PBXFileReference; lastKnownFileType = sourcecode.swift; path = Methods.swift; sourceTree = "<group>"; };
		52F6BE1B29D3964B00B5C8FB /* Inheritance.swift */ = {isa = PBXFileReference; lastKnownFileType = sourcecode.swift; path = Inheritance.swift; sourceTree = "<group>"; };
/* End PBXFileReference section */

/* Begin PBXFrameworksBuildPhase section */
		5227691229C083B200A59A04 /* Frameworks */ = {
			isa = PBXFrameworksBuildPhase;
			buildActionMask = 2147483647;
			files = (
			);
			runOnlyForDeploymentPostprocessing = 0;
		};
/* End PBXFrameworksBuildPhase section */

/* Begin PBXGroup section */
		5227690C29C083B200A59A04 = {
			isa = PBXGroup;
			children = (
				5227691729C083B200A59A04 /* swift-programming-lesson */,
				5227691629C083B200A59A04 /* Products */,
			);
			sourceTree = "<group>";
		};
		5227691629C083B200A59A04 /* Products */ = {
			isa = PBXGroup;
			children = (
				5227691529C083B200A59A04 /* swift-programming-lesson */,
			);
			name = Products;
			sourceTree = "<group>";
		};
		5227691729C083B200A59A04 /* swift-programming-lesson */ = {
			isa = PBXGroup;
			children = (
				5227691829C083B200A59A04 /* main.swift */,
				5227691F29C0844E00A59A04 /* Understanding-variable-and-types.swift */,
				526D882229DACB8E00E0F8E7 /* Initialization.swift */,
				5227692329C4A11400A59A04 /* Understanding String.swift */,
				529DF45229E02E4800432881 /* Basic Operator.swift */,
				529DF46129EDA50000432881 /* Generic.swift */,
				5227692529C4A34800A59A04 /* Control Flow.swift */,
				52F6BE1129CA0D0000B5C8FB /* Function.swift */,
				52F6BE1329CA5FB000B5C8FB /* Closure.swift */,
				52F6BE1729CC935B00B5C8FB /* Class and Structure.swift */,
				52F6BE1929D0675900B5C8FB /* Methods.swift */,
				52F6BE1B29D3964B00B5C8FB /* Inheritance.swift */,
				52F6BE1529CC667600B5C8FB /* Enumeration.swift */,
				5227692129C487ED00A59A04 /* Collections Type.swift */,
			);
			path = "swift-programming-lesson";
			sourceTree = "<group>";
		};
/* End PBXGroup section */

/* Begin PBXNativeTarget section */
		5227691429C083B200A59A04 /* swift-programming-lesson */ = {
			isa = PBXNativeTarget;
			buildConfigurationList = 5227691C29C083B200A59A04 /* Build configuration list for PBXNativeTarget "swift-programming-lesson" */;
			buildPhases = (
				5227691129C083B200A59A04 /* Sources */,
				5227691229C083B200A59A04 /* Frameworks */,
				5227691329C083B200A59A04 /* CopyFiles */,
			);
			buildRules = (
			);
			dependencies = (
			);
			name = "swift-programming-lesson";
			productName = "swift-programming-lesson";
			productReference = 5227691529C083B200A59A04 /* swift-programming-lesson */;
			productType = "com.apple.product-type.tool";
		};
/* End PBXNativeTarget section */

/* Begin PBXProject section */
		5227690D29C083B200A59A04 /* Project object */ = {
			isa = PBXProject;
			attributes = {
				BuildIndependentTargetsInParallel = 1;
				LastSwiftUpdateCheck = 1410;
				LastUpgradeCheck = 1410;
				TargetAttributes = {
					5227691429C083B200A59A04 = {
						CreatedOnToolsVersion = 14.1;
					};
				};
			};
			buildConfigurationList = 5227691029C083B200A59A04 /* Build configuration list for PBXProject "swift-programming-lesson" */;
			compatibilityVersion = "Xcode 14.0";
			developmentRegion = en;
			hasScannedForEncodings = 0;
			knownRegions = (
				en,
				Base,
			);
			mainGroup = 5227690C29C083B200A59A04;
			productRefGroup = 5227691629C083B200A59A04 /* Products */;
			projectDirPath = "";
			projectRoot = "";
			targets = (
				5227691429C083B200A59A04 /* swift-programming-lesson */,
			);
		};
/* End PBXProject section */

/* Begin PBXSourcesBuildPhase section */
		5227691129C083B200A59A04 /* Sources */ = {
			isa = PBXSourcesBuildPhase;
			buildActionMask = 2147483647;
			files = (
				5227692029C0844E00A59A04 /* Understanding-variable-and-types.swift in Sources */,
				5227692629C4A34800A59A04 /* Control Flow.swift in Sources */,
				5227691929C083B200A59A04 /* main.swift in Sources */,
				526D882329DACB8E00E0F8E7 /* Initialization.swift in Sources */,
				52F6BE1629CC667600B5C8FB /* Enumeration.swift in Sources */,
				52F6BE1C29D3964B00B5C8FB /* Inheritance.swift in Sources */,
				52F6BE1829CC935B00B5C8FB /* Class and Structure.swift in Sources */,
				52F6BE1229CA0D0000B5C8FB /* Function.swift in Sources */,
				52F6BE1429CA5FB000B5C8FB /* Closure.swift in Sources */,
				529DF46229EDA50000432881 /* Generic.swift in Sources */,
				529DF45329E02E4800432881 /* Basic Operator.swift in Sources */,
				5227692429C4A11400A59A04 /* Understanding String.swift in Sources */,
				52F6BE1A29D0675900B5C8FB /* Methods.swift in Sources */,
				5227692229C487ED00A59A04 /* Collections Type.swift in Sources */,
			);
			runOnlyForDeploymentPostprocessing = 0;
		};
/* End PBXSourcesBuildPhase section */

/* Begin XCBuildConfiguration section */
		5227691A29C083B200A59A04 /* Debug */ = {
			isa = XCBuildConfiguration;
			buildSettings = {
				ALWAYS_SEARCH_USER_PATHS = NO;
				CLANG_ANALYZER_NONNULL = YES;
				CLANG_ANALYZER_NUMBER_OBJECT_CONVERSION = YES_AGGRESSIVE;
				CLANG_CXX_LANGUAGE_STANDARD = "gnu++20";
				CLANG_ENABLE_MODULES = YES;
				CLANG_ENABLE_OBJC_ARC = YES;
				CLANG_ENABLE_OBJC_WEAK = YES;
				CLANG_WARN_BLOCK_CAPTURE_AUTORELEASING = YES;
				CLANG_WARN_BOOL_CONVERSION = YES;
				CLANG_WARN_COMMA = YES;
				CLANG_WARN_CONSTANT_CONVERSION = YES;
				CLANG_WARN_DEPRECATED_OBJC_IMPLEMENTATIONS = YES;
				CLANG_WARN_DIRECT_OBJC_ISA_USAGE = YES_ERROR;
				CLANG_WARN_DOCUMENTATION_COMMENTS = YES;
				CLANG_WARN_EMPTY_BODY = YES;
				CLANG_WARN_ENUM_CONVERSION = YES;
				CLANG_WARN_INFINITE_RECURSION = YES;
				CLANG_WARN_INT_CONVERSION = YES;
				CLANG_WARN_NON_LITERAL_NULL_CONVERSION = YES;
				CLANG_WARN_OBJC_IMPLICIT_RETAIN_SELF = YES;
				CLANG_WARN_OBJC_LITERAL_CONVERSION = YES;
				CLANG_WARN_OBJC_ROOT_CLASS = YES_ERROR;
				CLANG_WARN_QUOTED_INCLUDE_IN_FRAMEWORK_HEADER = YES;
				CLANG_WARN_RANGE_LOOP_ANALYSIS = YES;
				CLANG_WARN_STRICT_PROTOTYPES = YES;
				CLANG_WARN_SUSPICIOUS_MOVE = YES;
				CLANG_WARN_UNGUARDED_AVAILABILITY = YES_AGGRESSIVE;
				CLANG_WARN_UNREACHABLE_CODE = YES;
				CLANG_WARN__DUPLICATE_METHOD_MATCH = YES;
				COPY_PHASE_STRIP = NO;
				DEBUG_INFORMATION_FORMAT = dwarf;
				ENABLE_STRICT_OBJC_MSGSEND = YES;
				ENABLE_TESTABILITY = YES;
				GCC_C_LANGUAGE_STANDARD = gnu11;
				GCC_DYNAMIC_NO_PIC = NO;
				GCC_NO_COMMON_BLOCKS = YES;
				GCC_OPTIMIZATION_LEVEL = 0;
				GCC_PREPROCESSOR_DEFINITIONS = (
					"DEBUG=1",
					"$(inherited)",
				);
				GCC_WARN_64_TO_32_BIT_CONVERSION = YES;
				GCC_WARN_ABOUT_RETURN_TYPE = YES_ERROR;
				GCC_WARN_UNDECLARED_SELECTOR = YES;
				GCC_WARN_UNINITIALIZED_AUTOS = YES_AGGRESSIVE;
				GCC_WARN_UNUSED_FUNCTION = YES;
				GCC_WARN_UNUSED_VARIABLE = YES;
				MACOSX_DEPLOYMENT_TARGET = 12.5;
				MTL_ENABLE_DEBUG_INFO = INCLUDE_SOURCE;
				MTL_FAST_MATH = YES;
				ONLY_ACTIVE_ARCH = YES;
				SDKROOT = macosx;
				SWIFT_ACTIVE_COMPILATION_CONDITIONS = DEBUG;
				SWIFT_OPTIMIZATION_LEVEL = "-Onone";
			};
			name = Debug;
		};
		5227691B29C083B200A59A04 /* Release */ = {
			isa = XCBuildConfiguration;
			buildSettings = {
				ALWAYS_SEARCH_USER_PATHS = NO;
				CLANG_ANALYZER_NONNULL = YES;
				CLANG_ANALYZER_NUMBER_OBJECT_CONVERSION = YES_AGGRESSIVE;
				CLANG_CXX_LANGUAGE_STANDARD = "gnu++20";
				CLANG_ENABLE_MODULES = YES;
				CLANG_ENABLE_OBJC_ARC = YES;
				CLANG_ENABLE_OBJC_WEAK = YES;
				CLANG_WARN_BLOCK_CAPTURE_AUTORELEASING = YES;
				CLANG_WARN_BOOL_CONVERSION = YES;
				CLANG_WARN_COMMA = YES;
				CLANG_WARN_CONSTANT_CONVERSION = YES;
				CLANG_WARN_DEPRECATED_OBJC_IMPLEMENTATIONS = YES;
				CLANG_WARN_DIRECT_OBJC_ISA_USAGE = YES_ERROR;
				CLANG_WARN_DOCUMENTATION_COMMENTS = YES;
				CLANG_WARN_EMPTY_BODY = YES;
				CLANG_WARN_ENUM_CONVERSION = YES;
				CLANG_WARN_INFINITE_RECURSION = YES;
				CLANG_WARN_INT_CONVERSION = YES;
				CLANG_WARN_NON_LITERAL_NULL_CONVERSION = YES;
				CLANG_WARN_OBJC_IMPLICIT_RETAIN_SELF = YES;
				CLANG_WARN_OBJC_LITERAL_CONVERSION = YES;
				CLANG_WARN_OBJC_ROOT_CLASS = YES_ERROR;
				CLANG_WARN_QUOTED_INCLUDE_IN_FRAMEWORK_HEADER = YES;
				CLANG_WARN_RANGE_LOOP_ANALYSIS = YES;
				CLANG_WARN_STRICT_PROTOTYPES = YES;
				CLANG_WARN_SUSPICIOUS_MOVE = YES;
				CLANG_WARN_UNGUARDED_AVAILABILITY = YES_AGGRESSIVE;
				CLANG_WARN_UNREACHABLE_CODE = YES;
				CLANG_WARN__DUPLICATE_METHOD_MATCH = YES;
				COPY_PHASE_STRIP = NO;
				DEBUG_INFORMATION_FORMAT = "dwarf-with-dsym";
				ENABLE_NS_ASSERTIONS = NO;
				ENABLE_STRICT_OBJC_MSGSEND = YES;
				GCC_C_LANGUAGE_STANDARD = gnu11;
				GCC_NO_COMMON_BLOCKS = YES;
				GCC_WARN_64_TO_32_BIT_CONVERSION = YES;
				GCC_WARN_ABOUT_RETURN_TYPE = YES_ERROR;
				GCC_WARN_UNDECLARED_SELECTOR = YES;
				GCC_WARN_UNINITIALIZED_AUTOS = YES_AGGRESSIVE;
				GCC_WARN_UNUSED_FUNCTION = YES;
				GCC_WARN_UNUSED_VARIABLE = YES;
				MACOSX_DEPLOYMENT_TARGET = 12.5;
				MTL_ENABLE_DEBUG_INFO = NO;
				MTL_FAST_MATH = YES;
				SDKROOT = macosx;
				SWIFT_COMPILATION_MODE = wholemodule;
				SWIFT_OPTIMIZATION_LEVEL = "-O";
			};
			name = Release;
		};
		5227691D29C083B200A59A04 /* Debug */ = {
			isa = XCBuildConfiguration;
			buildSettings = {
				CODE_SIGN_STYLE = Automatic;
				PRODUCT_NAME = "$(TARGET_NAME)";
				SWIFT_VERSION = 5.0;
			};
			name = Debug;
		};
		5227691E29C083B200A59A04 /* Release */ = {
			isa = XCBuildConfiguration;
			buildSettings = {
				CODE_SIGN_STYLE = Automatic;
				PRODUCT_NAME = "$(TARGET_NAME)";
				SWIFT_VERSION = 5.0;
			};
			name = Release;
		};
/* End XCBuildConfiguration section */

/* Begin XCConfigurationList section */
		5227691029C083B200A59A04 /* Build configuration list for PBXProject "swift-programming-lesson" */ = {
			isa = XCConfigurationList;
			buildConfigurations = (
				5227691A29C083B200A59A04 /* Debug */,
				5227691B29C083B200A59A04 /* Release */,
			);
			defaultConfigurationIsVisible = 0;
			defaultConfigurationName = Release;
		};
		5227691C29C083B200A59A04 /* Build configuration list for PBXNativeTarget "swift-programming-lesson" */ = {
			isa = XCConfigurationList;
			buildConfigurations = (
				5227691D29C083B200A59A04 /* Debug */,
				5227691E29C083B200A59A04 /* Release */,
			);
			defaultConfigurationIsVisible = 0;
			defaultConfigurationName = Release;
		};
/* End XCConfigurationList section */
	};
	rootObject = 5227690D29C083B200A59A04 /* Project object */;
}
